<?xml version="1.0" encoding="utf-8"?>
<Project ToolsVersion="4.0" xmlns="http://schemas.microsoft.com/developer/msbuild/2003">
  <ItemGroup>
    <Filter Include="Source Files">
      <UniqueIdentifier>{4FC737F1-C7A5-4376-A066-2A32D752A2FF}</UniqueIdentifier>
      <Extensions>cpp;c;cc;cxx;def;odl;idl;hpj;bat;asm;asmx</Extensions>
    </Filter>
    <Filter Include="Header Files">
      <UniqueIdentifier>{93995380-89BD-4b04-88EB-625FBE52EBFB}</UniqueIdentifier>
      <Extensions>h;hh;hpp;hxx;hm;inl;inc;ipp;xsd</Extensions>
    </Filter>
    <Filter Include="Resource Files">
      <UniqueIdentifier>{67DA6AB6-F800-4c08-8B7A-83BB121AAD01}</UniqueIdentifier>
      <Extensions>rc;ico;cur;bmp;dlg;rc2;rct;bin;rgs;gif;jpg;jpeg;jpe;resx;tiff;tif;png;wav;mfcribbon-ms</Extensions>
    </Filter>
    <Filter Include="Source Files\Mongoose-CPP">
      <UniqueIdentifier>{f29e99b9-d0fb-422c-a017-590001b85e63}</UniqueIdentifier>
    </Filter>
    <Filter Include="Source Files\Mongoose-CPP\mongoose">
      <UniqueIdentifier>{c80f8bf1-5e27-47ac-9ebd-849d44bc9b86}</UniqueIdentifier>
    </Filter>
    <Filter Include="Source Files\WebInterface">
      <UniqueIdentifier>{7ac7a446-dc61-40ec-98b5-9580e07a0675}</UniqueIdentifier>
    </Filter>
  </ItemGroup>
  <ItemGroup>
    <ClCompile Include="WebUIServer.cpp">
      <Filter>Source Files</Filter>
    </ClCompile>
    <ClCompile Include="ChessWebUI.cpp">
      <Filter>Source Files</Filter>
    </ClCompile>
  </ItemGroup>
  <ItemGroup>
    <None Include="WebInterface\index.html" />
    <None Include="WebInterface\WebPlayer.html" />
    <None Include="WebInterface\WebUI.html" />
  </ItemGroup>
  <ItemGroup>
    <ClInclude Include="WebUIServer.h">
      <Filter>Header Files</Filter>
    </ClInclude>
  </ItemGroup>
</Project>